
Microsoft Visual Studio Solution File, Format Version 12.00
# Visual Studio Version 17
VisualStudioVersion = 17.11.35327.3
MinimumVisualStudioVersion = 10.0.40219.1
Project("{FAE04EC0-301F-11D3-BF4B-00C04F79EFBC}") = "ServerSide", "ServerSide.csproj", "{CE8055E3-05C0-4CD9-8DBA-7C8DC9572D71}"
EndProject
Global
	GlobalSection(SolutionConfigurationPlatforms) = preSolution
		Debug|Any CPU = Debug|Any CPU
		Release|Any CPU = Release|Any CPU
	EndGlobalSection
	GlobalSection(ProjectConfigurationPlatforms) = postSolution
		{CE8055E3-05C0-4CD9-8DBA-7C8DC9572D71}.Debug|Any CPU.ActiveCfg = Debug|Any CPU
		{CE8055E3-05C0-4CD9-8DBA-7C8DC9572D71}.Debug|Any CPU.Build.0 = Debug|Any CPU
		{CE8055E3-05C0-4CD9-8DBA-7C8DC9572D71}.Release|Any CPU.ActiveCfg = Release|Any CPU
		{CE8055E3-05C0-4CD9-8DBA-7C8DC9572D71}.Release|Any CPU.Build.0 = Release|Any CPU
	EndGlobalSection
	GlobalSection(SolutionProperties) = preSolution
		HideSolutionNode = FALSE
	EndGlobalSection
	GlobalSection(ExtensibilityGlobals) = postSolution
		SolutionGuid = {5DBFD37D-7388-4C98-B4FB-0459360385A5}
	EndGlobalSection
EndGlobal
